
Microsoft Visual Studio Solution File, Format Version 12.00
# Visual Studio Version 17
VisualStudioVersion = 17.7.34018.315
MinimumVisualStudioVersion = 10.0.40219.1
Project("{FAE04EC0-301F-11D3-BF4B-00C04F79EFBC}") = "Calculator_H2Bacusmo", "Calculator_H2Bacusmo\Calculator_H2Bacusmo.csproj", "{A10162A7-D807-4193-B90A-C6EA331B32CB}"
EndProject
Global
	GlobalSection(SolutionConfigurationPlatforms) = preSolution
		Debug|Any CPU = Debug|Any CPU
		Release|Any CPU = Release|Any CPU
	EndGlobalSection
	GlobalSection(ProjectConfigurationPlatforms) = postSolution
		{A10162A7-D807-4193-B90A-C6EA331B32CB}.Debug|Any CPU.ActiveCfg = Debug|Any CPU
		{A10162A7-D807-4193-B90A-C6EA331B32CB}.Debug|Any CPU.Build.0 = Debug|Any CPU
		{A10162A7-D807-4193-B90A-C6EA331B32CB}.Release|Any CPU.ActiveCfg = Release|Any CPU
		{A10162A7-D807-4193-B90A-C6EA331B32CB}.Release|Any CPU.Build.0 = Release|Any CPU
	EndGlobalSection
	GlobalSection(SolutionProperties) = preSolution
		HideSolutionNode = FALSE
	EndGlobalSection
	GlobalSection(ExtensibilityGlobals) = postSolution
		SolutionGuid = {8793B539-C434-4D19-9E1A-0DEF936C4BF6}
	EndGlobalSection
EndGlobal
